
Microsoft Visual Studio Solution File, Format Version 12.00
# Visual Studio Version 17
VisualStudioVersion = 17.3.32901.215
MinimumVisualStudioVersion = 10.0.40219.1
Project("{FAE04EC0-301F-11D3-BF4B-00C04F79EFBC}") = "Siddiq Fitriansyah_Praktikum Bubble Short", "Siddiq Fitriansyah_Praktikum Bubble Short\Siddiq Fitriansyah_Praktikum Bubble Short.csproj", "{BD884F8D-6358-489B-8DD8-0792DAC3311D}"
EndProject
Global
	GlobalSection(SolutionConfigurationPlatforms) = preSolution
		Debug|Any CPU = Debug|Any CPU
		Release|Any CPU = Release|Any CPU
	EndGlobalSection
	GlobalSection(ProjectConfigurationPlatforms) = postSolution
		{BD884F8D-6358-489B-8DD8-0792DAC3311D}.Debug|Any CPU.ActiveCfg = Debug|Any CPU
		{BD884F8D-6358-489B-8DD8-0792DAC3311D}.Debug|Any CPU.Build.0 = Debug|Any CPU
		{BD884F8D-6358-489B-8DD8-0792DAC3311D}.Release|Any CPU.ActiveCfg = Release|Any CPU
		{BD884F8D-6358-489B-8DD8-0792DAC3311D}.Release|Any CPU.Build.0 = Release|Any CPU
	EndGlobalSection
	GlobalSection(SolutionProperties) = preSolution
		HideSolutionNode = FALSE
	EndGlobalSection
	GlobalSection(ExtensibilityGlobals) = postSolution
		SolutionGuid = {B7D03699-2CBE-416B-B2D1-EEC4054B3768}
	EndGlobalSection
EndGlobal
